<Solution>
  <Folder Name="/Solution items/">
    <File Path=".editorconfig" />
    <File Path="Directory.Build.props" />
    <File Path="Directory.Packages.props" />
  </Folder>
  <Project Path="TypesenseAuthWrapper.Bootstrapper\TypesenseAuthWrapper.Bootstrapper.csproj" Type="Classic C#" />
  <Project Path="TypesenseAuthWrapper.Shared\TypesenseAuthWrapper.Shared.csproj" Type="Classic C#" />
</Solution>