Microsoft Visual Studio Solution File, Format Version 12.00
# Visual Studio Version 17
VisualStudioVersion = 17.5.2.0
MinimumVisualStudioVersion = 10.0.40219.1
Project("{FAE04EC0-301F-11D3-BF4B-00C04F79EFBC}") = "TypesenseAuthWrapper.Bootstrapper", "TypesenseAuthWrapper.Bootstrapper\TypesenseAuthWrapper.Bootstrapper.csproj", "{D91145F3-A0A1-FB00-E2E0-E96CF93EE440}"
EndProject
Project("{FAE04EC0-301F-11D3-BF4B-00C04F79EFBC}") = "TypesenseAuthWrapper.Shared", "TypesenseAuthWrapper.Shared\TypesenseAuthWrapper.Shared.csproj", "{C60C3977-95D6-8DE6-BB39-83F90C0D37A7}"
EndProject
Global
	GlobalSection(SolutionConfigurationPlatforms) = preSolution
		Debug|Any CPU = Debug|Any CPU
		Release|Any CPU = Release|Any CPU
	EndGlobalSection
	GlobalSection(ProjectConfigurationPlatforms) = postSolution
		{D91145F3-A0A1-FB00-E2E0-E96CF93EE440}.Debug|Any CPU.ActiveCfg = Debug|Any CPU
		{D91145F3-A0A1-FB00-E2E0-E96CF93EE440}.Debug|Any CPU.Build.0 = Debug|Any CPU
		{D91145F3-A0A1-FB00-E2E0-E96CF93EE440}.Release|Any CPU.ActiveCfg = Release|Any CPU
		{D91145F3-A0A1-FB00-E2E0-E96CF93EE440}.Release|Any CPU.Build.0 = Release|Any CPU
		{C60C3977-95D6-8DE6-BB39-83F90C0D37A7}.Debug|Any CPU.ActiveCfg = Debug|Any CPU
		{C60C3977-95D6-8DE6-BB39-83F90C0D37A7}.Debug|Any CPU.Build.0 = Debug|Any CPU
		{C60C3977-95D6-8DE6-BB39-83F90C0D37A7}.Release|Any CPU.ActiveCfg = Release|Any CPU
		{C60C3977-95D6-8DE6-BB39-83F90C0D37A7}.Release|Any CPU.Build.0 = Release|Any CPU
	EndGlobalSection
	GlobalSection(SolutionProperties) = preSolution
		HideSolutionNode = FALSE
	EndGlobalSection
	GlobalSection(ExtensibilityGlobals) = postSolution
		SolutionGuid = {4BCA858F-581B-4643-803B-6507B814801A}
	EndGlobalSection
EndGlobal
